// !$*UTF8*$!
{
	archiveVersion = 1;
	classes = {
	};
	objectVersion = 56;
	objects = {

/* Begin PBXBuildFile section */
		24B864B12979D70D00C8EFE6 /* AppDelegate.m in Sources */ = {isa = PBXBuildFile; fileRef = 24B864B02979D70D00C8EFE6 /* AppDelegate.m */; };
		24B864B42979D70D00C8EFE6 /* SceneDelegate.m in Sources */ = {isa = PBXBuildFile; fileRef = 24B864B32979D70D00C8EFE6 /* SceneDelegate.m */; };
		24B864B72979D70D00C8EFE6 /* ViewController.m in Sources */ = {isa = PBXBuildFile; fileRef = 24B864B62979D70D00C8EFE6 /* ViewController.m */; };
		24B864BA2979D70D00C8EFE6 /* Main.storyboard in Resources */ = {isa = PBXBuildFile; fileRef = 24B864B82979D70D00C8EFE6 /* Main.storyboard */; };
		24B864BC2979D70E00C8EFE6 /* Assets.xcassets in Resources */ = {isa = PBXBuildFile; fileRef = 24B864BB2979D70E00C8EFE6 /* Assets.xcassets */; };
		24B864BF2979D70E00C8EFE6 /* LaunchScreen.storyboard in Resources */ = {isa = PBXBuildFile; fileRef = 24B864BD2979D70E00C8EFE6 /* LaunchScreen.storyboard */; };
		24B864C22979D70E00C8EFE6 /* main.m in Sources */ = {isa = PBXBuildFile; fileRef = 24B864C12979D70E00C8EFE6 /* main.m */; };
/* End PBXBuildFile section */

/* Begin PBXFileReference section */
		24B864AC2979D70D00C8EFE6 /* Diamonds.app */ = {isa = PBXFileReference; explicitFileType = wrapper.application; includeInIndex = 0; path = Diamonds.app; sourceTree = BUILT_PRODUCTS_DIR; };
		24B864AF2979D70D00C8EFE6 /* AppDelegate.h */ = {isa = PBXFileReference; lastKnownFileType = sourcecode.c.h; path = AppDelegate.h; sourceTree = "<group>"; };
		24B864B02979D70D00C8EFE6 /* AppDelegate.m */ = {isa = PBXFileReference; lastKnownFileType = sourcecode.c.objc; path = AppDelegate.m; sourceTree = "<group>"; };
		24B864B22979D70D00C8EFE6 /* SceneDelegate.h */ = {isa = PBXFileReference; lastKnownFileType = sourcecode.c.h; path = SceneDelegate.h; sourceTree = "<group>"; };
		24B864B32979D70D00C8EFE6 /* SceneDelegate.m */ = {isa = PBXFileReference; lastKnownFileType = sourcecode.c.objc; path = SceneDelegate.m; sourceTree = "<group>"; };
		24B864B52979D70D00C8EFE6 /* ViewController.h */ = {isa = PBXFileReference; lastKnownFileType = sourcecode.c.h; path = ViewController.h; sourceTree = "<group>"; };
		24B864B62979D70D00C8EFE6 /* ViewController.m */ = {isa = PBXFileReference; lastKnownFileType = sourcecode.c.objc; path = ViewController.m; sourceTree = "<group>"; };
		24B864B92979D70D00C8EFE6 /* Base */ = {isa = PBXFileReference; lastKnownFileType = file.storyboard; name = Base; path = Base.lproj/Main.storyboard; sourceTree = "<group>"; };
		24B864BB2979D70E00C8EFE6 /* Assets.xcassets */ = {isa = PBXFileReference; lastKnownFileType = folder.assetcatalog; path = Assets.xcassets; sourceTree = "<group>"; };
		24B864BE2979D70E00C8EFE6 /* Base */ = {isa = PBXFileReference; lastKnownFileType = file.storyboard; name = Base; path = Base.lproj/LaunchScreen.storyboard; sourceTree = "<group>"; };
		24B864C02979D70E00C8EFE6 /* Info.plist */ = {isa = PBXFileReference; lastKnownFileType = text.plist.xml; path = Info.plist; sourceTree = "<group>"; };
		24B864C12979D70E00C8EFE6 /* main.m */ = {isa = PBXFileReference; lastKnownFileType = sourcecode.c.objc; path = main.m; sourceTree = "<group>"; };
/* End PBXFileReference section */

/* Begin PBXFrameworksBuildPhase section */
		24B864A92979D70D00C8EFE6 /* Frameworks */ = {
			isa = PBXFrameworksBuildPhase;
			buildActionMask = 2147483647;
			files = (
			);
			runOnlyForDeploymentPostprocessing = 0;
		};
/* End PBXFrameworksBuildPhase section */

/* Begin PBXGroup section */
		24B864A32979D70D00C8EFE6 = {
			isa = PBXGroup;
			children = (
				24B864AE2979D70D00C8EFE6 /* Diamonds */,
				24B864AD2979D70D00C8EFE6 /* Products */,
			);
			sourceTree = "<group>";
		};
		24B864AD2979D70D00C8EFE6 /* Products */ = {
			isa = PBXGroup;
			children = (
				24B864AC2979D70D00C8EFE6 /* Diamonds.app */,
			);
			name = Products;
			sourceTree = "<group>";
		};
		24B864AE2979D70D00C8EFE6 /* Diamonds */ = {
			isa = PBXGroup;
			children = (
				24B864AF2979D70D00C8EFE6 /* AppDelegate.h */,
				24B864B02979D70D00C8EFE6 /* AppDelegate.m */,
				24B864B22979D70D00C8EFE6 /* SceneDelegate.h */,
				24B864B32979D70D00C8EFE6 /* SceneDelegate.m */,
				24B864B52979D70D00C8EFE6 /* ViewController.h */,
				24B864B62979D70D00C8EFE6 /* ViewController.m */,
				24B864B82979D70D00C8EFE6 /* Main.storyboard */,
				24B864BB2979D70E00C8EFE6 /* Assets.xcassets */,
				24B864BD2979D70E00C8EFE6 /* LaunchScreen.storyboard */,
				24B864C02979D70E00C8EFE6 /* Info.plist */,
				24B864C12979D70E00C8EFE6 /* main.m */,
			);
			path = Diamonds;
			sourceTree = "<group>";
		};
/* End PBXGroup section */

/* Begin PBXNativeTarget section */
		24B864AB2979D70D00C8EFE6 /* Diamonds */ = {
			isa = PBXNativeTarget;
			buildConfigurationList = 24B864C52979D70E00C8EFE6 /* Build configuration list for PBXNativeTarget "Diamonds" */;
			buildPhases = (
				24B864A82979D70D00C8EFE6 /* Sources */,
				24B864A92979D70D00C8EFE6 /* Frameworks */,
				24B864AA2979D70D00C8EFE6 /* Resources */,
			);
			buildRules = (
			);
			dependencies = (
			);
			name = Diamonds;
			productName = Diamonds;
			productReference = 24B864AC2979D70D00C8EFE6 /* Diamonds.app */;
			productType = "com.apple.product-type.application";
		};
/* End PBXNativeTarget section */

/* Begin PBXProject section */
		24B864A42979D70D00C8EFE6 /* Project object */ = {
			isa = PBXProject;
			attributes = {
				BuildIndependentTargetsInParallel = 1;
				LastUpgradeCheck = 1420;
				TargetAttributes = {
					24B864AB2979D70D00C8EFE6 = {
						CreatedOnToolsVersion = 14.2;
					};
				};
			};
			buildConfigurationList = 24B864A72979D70D00C8EFE6 /* Build configuration list for PBXProject "Diamonds" */;
			compatibilityVersion = "Xcode 14.0";
			developmentRegion = en;
			hasScannedForEncodings = 0;
			knownRegions = (
				en,
				Base,
			);
			mainGroup = 24B864A32979D70D00C8EFE6;
			productRefGroup = 24B864AD2979D70D00C8EFE6 /* Products */;
			projectDirPath = "";
			projectRoot = "";
			targets = (
				24B864AB2979D70D00C8EFE6 /* Diamonds */,
			);
		};
/* End PBXProject section */

/* Begin PBXResourcesBuildPhase section */
		24B864AA2979D70D00C8EFE6 /* Resources */ = {
			isa = PBXResourcesBuildPhase;
			buildActionMask = 2147483647;
			files = (
				24B864BF2979D70E00C8EFE6 /* LaunchScreen.storyboard in Resources */,
				24B864BC2979D70E00C8EFE6 /* Assets.xcassets in Resources */,
				24B864BA2979D70D00C8EFE6 /* Main.storyboard in Resources */,
			);
			runOnlyForDeploymentPostprocessing = 0;
		};
/* End PBXResourcesBuildPhase section */

/* Begin PBXSourcesBuildPhase section */
		24B864A82979D70D00C8EFE6 /* Sources */ = {
			isa = PBXSourcesBuildPhase;
			buildActionMask = 2147483647;
			files = (
				24B864B72979D70D00C8EFE6 /* ViewController.m in Sources */,
				24B864B12979D70D00C8EFE6 /* AppDelegate.m in Sources */,
				24B864C22979D70E00C8EFE6 /* main.m in Sources */,
				24B864B42979D70D00C8EFE6 /* SceneDelegate.m in Sources */,
			);
			runOnlyForDeploymentPostprocessing = 0;
		};
/* End PBXSourcesBuildPhase section */

/* Begin PBXVariantGroup section */
		24B864B82979D70D00C8EFE6 /* Main.storyboard */ = {
			isa = PBXVariantGroup;
			children = (
				24B864B92979D70D00C8EFE6 /* Base */,
			);
			name = Main.storyboard;
			sourceTree = "<group>";
		};
		24B864BD2979D70E00C8EFE6 /* LaunchScreen.storyboard */ = {
			isa = PBXVariantGroup;
			children = (
				24B864BE2979D70E00C8EFE6 /* Base */,
			);
			name = LaunchScreen.storyboard;
			sourceTree = "<group>";
		};
/* End PBXVariantGroup section */

/* Begin XCBuildConfiguration section */
		24B864C32979D70E00C8EFE6 /* Debug */ = {
			isa = XCBuildConfiguration;
			buildSettings = {
				ALWAYS_SEARCH_USER_PATHS = NO;
				CLANG_ANALYZER_NONNULL = YES;
				CLANG_ANALYZER_NUMBER_OBJECT_CONVERSION = YES_AGGRESSIVE;
				CLANG_CXX_LANGUAGE_STANDARD = "gnu++20";
				CLANG_ENABLE_MODULES = YES;
				CLANG_ENABLE_OBJC_ARC = YES;
				CLANG_ENABLE_OBJC_WEAK = YES;
				CLANG_WARN_BLOCK_CAPTURE_AUTORELEASING = YES;
				CLANG_WARN_BOOL_CONVERSION = YES;
				CLANG_WARN_COMMA = YES;
				CLANG_WARN_CONSTANT_CONVERSION = YES;
				CLANG_WARN_DEPRECATED_OBJC_IMPLEMENTATIONS = YES;
				CLANG_WARN_DIRECT_OBJC_ISA_USAGE = YES_ERROR;
				CLANG_WARN_DOCUMENTATION_COMMENTS = YES;
				CLANG_WARN_EMPTY_BODY = YES;
				CLANG_WARN_ENUM_CONVERSION = YES;
				CLANG_WARN_INFINITE_RECURSION = YES;
				CLANG_WARN_INT_CONVERSION = YES;
				CLANG_WARN_NON_LITERAL_NULL_CONVERSION = YES;
				CLANG_WARN_OBJC_IMPLICIT_RETAIN_SELF = YES;
				CLANG_WARN_OBJC_LITERAL_CONVERSION = YES;
				CLANG_WARN_OBJC_ROOT_CLASS = YES_ERROR;
				CLANG_WARN_QUOTED_INCLUDE_IN_FRAMEWORK_HEADER = YES;
				CLANG_WARN_RANGE_LOOP_ANALYSIS = YES;
				CLANG_WARN_STRICT_PROTOTYPES = YES;
				CLANG_WARN_SUSPICIOUS_MOVE = YES;
				CLANG_WARN_UNGUARDED_AVAILABILITY = YES_AGGRESSIVE;
				CLANG_WARN_UNREACHABLE_CODE = YES;
				CLANG_WARN__DUPLICATE_METHOD_MATCH = YES;
				COPY_PHASE_STRIP = NO;
				DEBUG_INFORMATION_FORMAT = dwarf;
				ENABLE_STRICT_OBJC_MSGSEND = YES;
				ENABLE_TESTABILITY = YES;
				GCC_C_LANGUAGE_STANDARD = gnu11;
				GCC_DYNAMIC_NO_PIC = NO;
				GCC_NO_COMMON_BLOCKS = YES;
				GCC_OPTIMIZATION_LEVEL = 0;
				GCC_PREPROCESSOR_DEFINITIONS = (
					"DEBUG=1",
					"$(inherited)",
				);
				GCC_WARN_64_TO_32_BIT_CONVERSION = YES;
				GCC_WARN_ABOUT_RETURN_TYPE = YES_ERROR;
				GCC_WARN_UNDECLARED_SELECTOR = YES;
				GCC_WARN_UNINITIALIZED_AUTOS = YES_AGGRESSIVE;
				GCC_WARN_UNUSED_FUNCTION = YES;
				GCC_WARN_UNUSED_VARIABLE = YES;
				IPHONEOS_DEPLOYMENT_TARGET = 16.2;
				MTL_ENABLE_DEBUG_INFO = INCLUDE_SOURCE;
				MTL_FAST_MATH = YES;
				ONLY_ACTIVE_ARCH = YES;
				SDKROOT = iphoneos;
			};
			name = Debug;
		};
		24B864C42979D70E00C8EFE6 /* Release */ = {
			isa = XCBuildConfiguration;
			buildSettings = {
				ALWAYS_SEARCH_USER_PATHS = NO;
				CLANG_ANALYZER_NONNULL = YES;
				CLANG_ANALYZER_NUMBER_OBJECT_CONVERSION = YES_AGGRESSIVE;
				CLANG_CXX_LANGUAGE_STANDARD = "gnu++20";
				CLANG_ENABLE_MODULES = YES;
				CLANG_ENABLE_OBJC_ARC = YES;
				CLANG_ENABLE_OBJC_WEAK = YES;
				CLANG_WARN_BLOCK_CAPTURE_AUTORELEASING = YES;
				CLANG_WARN_BOOL_CONVERSION = YES;
				CLANG_WARN_COMMA = YES;
				CLANG_WARN_CONSTANT_CONVERSION = YES;
				CLANG_WARN_DEPRECATED_OBJC_IMPLEMENTATIONS = YES;
				CLANG_WARN_DIRECT_OBJC_ISA_USAGE = YES_ERROR;
				CLANG_WARN_DOCUMENTATION_COMMENTS = YES;
				CLANG_WARN_EMPTY_BODY = YES;
				CLANG_WARN_ENUM_CONVERSION = YES;
				CLANG_WARN_INFINITE_RECURSION = YES;
				CLANG_WARN_INT_CONVERSION = YES;
				CLANG_WARN_NON_LITERAL_NULL_CONVERSION = YES;
				CLANG_WARN_OBJC_IMPLICIT_RETAIN_SELF = YES;
				CLANG_WARN_OBJC_LITERAL_CONVERSION = YES;
				CLANG_WARN_OBJC_ROOT_CLASS = YES_ERROR;
				CLANG_WARN_QUOTED_INCLUDE_IN_FRAMEWORK_HEADER = YES;
				CLANG_WARN_RANGE_LOOP_ANALYSIS = YES;
				CLANG_WARN_STRICT_PROTOTYPES = YES;
				CLANG_WARN_SUSPICIOUS_MOVE = YES;
				CLANG_WARN_UNGUARDED_AVAILABILITY = YES_AGGRESSIVE;
				CLANG_WARN_UNREACHABLE_CODE = YES;
				CLANG_WARN__DUPLICATE_METHOD_MATCH = YES;
				COPY_PHASE_STRIP = NO;
				DEBUG_INFORMATION_FORMAT = "dwarf-with-dsym";
				ENABLE_NS_ASSERTIONS = NO;
				ENABLE_STRICT_OBJC_MSGSEND = YES;
				GCC_C_LANGUAGE_STANDARD = gnu11;
				GCC_NO_COMMON_BLOCKS = YES;
				GCC_WARN_64_TO_32_BIT_CONVERSION = YES;
				GCC_WARN_ABOUT_RETURN_TYPE = YES_ERROR;
				GCC_WARN_UNDECLARED_SELECTOR = YES;
				GCC_WARN_UNINITIALIZED_AUTOS = YES_AGGRESSIVE;
				GCC_WARN_UNUSED_FUNCTION = YES;
				GCC_WARN_UNUSED_VARIABLE = YES;
				IPHONEOS_DEPLOYMENT_TARGET = 16.2;
				MTL_ENABLE_DEBUG_INFO = NO;
				MTL_FAST_MATH = YES;
				SDKROOT = iphoneos;
				VALIDATE_PRODUCT = YES;
			};
			name = Release;
		};
		24B864C62979D70E00C8EFE6 /* Debug */ = {
			isa = XCBuildConfiguration;
			buildSettings = {
				ASSETCATALOG_COMPILER_APPICON_NAME = AppIcon;
				ASSETCATALOG_COMPILER_GLOBAL_ACCENT_COLOR_NAME = AccentColor;
				CODE_SIGN_STYLE = Automatic;
				CURRENT_PROJECT_VERSION = 1;
				DEVELOPMENT_TEAM = H5L7QT5U7B;
				GENERATE_INFOPLIST_FILE = YES;
				INFOPLIST_FILE = Diamonds/Info.plist;
				INFOPLIST_KEY_UIApplicationSupportsIndirectInputEvents = YES;
				INFOPLIST_KEY_UILaunchStoryboardName = LaunchScreen;
				INFOPLIST_KEY_UIMainStoryboardFile = Main;
				INFOPLIST_KEY_UISupportedInterfaceOrientations_iPad = "UIInterfaceOrientationPortrait UIInterfaceOrientationPortraitUpsideDown UIInterfaceOrientationLandscapeLeft UIInterfaceOrientationLandscapeRight";
				INFOPLIST_KEY_UISupportedInterfaceOrientations_iPhone = "UIInterfaceOrientationPortrait UIInterfaceOrientationLandscapeLeft UIInterfaceOrientationLandscapeRight";
				LD_RUNPATH_SEARCH_PATHS = (
					"$(inherited)",
					"@executable_path/Frameworks",
				);
				MARKETING_VERSION = 1.0;
				PRODUCT_BUNDLE_IDENTIFIER = JaylenKSmith.Diamonds;
				PRODUCT_NAME = "$(TARGET_NAME)";
				SWIFT_EMIT_LOC_STRINGS = YES;
				TARGETED_DEVICE_FAMILY = "1,2";
			};
			name = Debug;
		};
		24B864C72979D70E00C8EFE6 /* Release */ = {
			isa = XCBuildConfiguration;
			buildSettings = {
				ASSETCATALOG_COMPILER_APPICON_NAME = AppIcon;
				ASSETCATALOG_COMPILER_GLOBAL_ACCENT_COLOR_NAME = AccentColor;
				CODE_SIGN_STYLE = Automatic;
				CURRENT_PROJECT_VERSION = 1;
				DEVELOPMENT_TEAM = H5L7QT5U7B;
				GENERATE_INFOPLIST_FILE = YES;
				INFOPLIST_FILE = Diamonds/Info.plist;
				INFOPLIST_KEY_UIApplicationSupportsIndirectInputEvents = YES;
				INFOPLIST_KEY_UILaunchStoryboardName = LaunchScreen;
				INFOPLIST_KEY_UIMainStoryboardFile = Main;
				INFOPLIST_KEY_UISupportedInterfaceOrientations_iPad = "UIInterfaceOrientationPortrait UIInterfaceOrientationPortraitUpsideDown UIInterfaceOrientationLandscapeLeft UIInterfaceOrientationLandscapeRight";
				INFOPLIST_KEY_UISupportedInterfaceOrientations_iPhone = "UIInterfaceOrientationPortrait UIInterfaceOrientationLandscapeLeft UIInterfaceOrientationLandscapeRight";
				LD_RUNPATH_SEARCH_PATHS = (
					"$(inherited)",
					"@executable_path/Frameworks",
				);
				MARKETING_VERSION = 1.0;
				PRODUCT_BUNDLE_IDENTIFIER = JaylenKSmith.Diamonds;
				PRODUCT_NAME = "$(TARGET_NAME)";
				SWIFT_EMIT_LOC_STRINGS = YES;
				TARGETED_DEVICE_FAMILY = "1,2";
			};
			name = Release;
		};
/* End XCBuildConfiguration section */

/* Begin XCConfigurationList section */
		24B864A72979D70D00C8EFE6 /* Build configuration list for PBXProject "Diamonds" */ = {
			isa = XCConfigurationList;
			buildConfigurations = (
				24B864C32979D70E00C8EFE6 /* Debug */,
				24B864C42979D70E00C8EFE6 /* Release */,
			);
			defaultConfigurationIsVisible = 0;
			defaultConfigurationName = Release;
		};
		24B864C52979D70E00C8EFE6 /* Build configuration list for PBXNativeTarget "Diamonds" */ = {
			isa = XCConfigurationList;
			buildConfigurations = (
				24B864C62979D70E00C8EFE6 /* Debug */,
				24B864C72979D70E00C8EFE6 /* Release */,
			);
			defaultConfigurationIsVisible = 0;
			defaultConfigurationName = Release;
		};
/* End XCConfigurationList section */
	};
	rootObject = 24B864A42979D70D00C8EFE6 /* Project object */;
}
